
Microsoft Visual Studio Solution File, Format Version 12.00
# Visual Studio 15
VisualStudioVersion = 15.0.27128.1
MinimumVisualStudioVersion = 10.0.40219.1
Project("{FAE04EC0-301F-11D3-BF4B-00C04F79EFBC}") = "GuildQuest.UI", "GuildQuest.UI\GuildQuest.UI.csproj", "{2B0A524F-B027-48BF-A2F0-C445ED52BB20}"
EndProject
Project("{FAE04EC0-301F-11D3-BF4B-00C04F79EFBC}") = "GuildQuest.Tests", "GuildQuest.UI.Tests\GuildQuest.Tests.csproj", "{94236292-FC62-42C8-8296-EFC1177E5480}"
EndProject
Project("{00D1A9C2-B5F0-4AF3-8072-F6C62B433612}") = "GuildQuest.DB", "GuildQuest.DB\GuildQuest.DB.sqlproj", "{B465FCA3-7BF1-4088-ADEC-B1963B6AF5B6}"
EndProject
Project("{FAE04EC0-301F-11D3-BF4B-00C04F79EFBC}") = "GuildQuest.Data", "GuildQuest.Data\GuildQuest.Data.csproj", "{51A07ADB-4D24-4D8A-89CF-73E43EA67AA3}"
EndProject
Global
	GlobalSection(SolutionConfigurationPlatforms) = preSolution
		Debug|Any CPU = Debug|Any CPU
		Release|Any CPU = Release|Any CPU
	EndGlobalSection
	GlobalSection(ProjectConfigurationPlatforms) = postSolution
		{2B0A524F-B027-48BF-A2F0-C445ED52BB20}.Debug|Any CPU.ActiveCfg = Debug|Any CPU
		{2B0A524F-B027-48BF-A2F0-C445ED52BB20}.Debug|Any CPU.Build.0 = Debug|Any CPU
		{2B0A524F-B027-48BF-A2F0-C445ED52BB20}.Release|Any CPU.ActiveCfg = Release|Any CPU
		{2B0A524F-B027-48BF-A2F0-C445ED52BB20}.Release|Any CPU.Build.0 = Release|Any CPU
		{94236292-FC62-42C8-8296-EFC1177E5480}.Debug|Any CPU.ActiveCfg = Debug|Any CPU
		{94236292-FC62-42C8-8296-EFC1177E5480}.Debug|Any CPU.Build.0 = Debug|Any CPU
		{94236292-FC62-42C8-8296-EFC1177E5480}.Release|Any CPU.ActiveCfg = Release|Any CPU
		{94236292-FC62-42C8-8296-EFC1177E5480}.Release|Any CPU.Build.0 = Release|Any CPU
		{B465FCA3-7BF1-4088-ADEC-B1963B6AF5B6}.Debug|Any CPU.ActiveCfg = Debug|Any CPU
		{B465FCA3-7BF1-4088-ADEC-B1963B6AF5B6}.Debug|Any CPU.Build.0 = Debug|Any CPU
		{B465FCA3-7BF1-4088-ADEC-B1963B6AF5B6}.Debug|Any CPU.Deploy.0 = Debug|Any CPU
		{B465FCA3-7BF1-4088-ADEC-B1963B6AF5B6}.Release|Any CPU.ActiveCfg = Release|Any CPU
		{B465FCA3-7BF1-4088-ADEC-B1963B6AF5B6}.Release|Any CPU.Build.0 = Release|Any CPU
		{B465FCA3-7BF1-4088-ADEC-B1963B6AF5B6}.Release|Any CPU.Deploy.0 = Release|Any CPU
		{51A07ADB-4D24-4D8A-89CF-73E43EA67AA3}.Debug|Any CPU.ActiveCfg = Debug|Any CPU
		{51A07ADB-4D24-4D8A-89CF-73E43EA67AA3}.Debug|Any CPU.Build.0 = Debug|Any CPU
		{51A07ADB-4D24-4D8A-89CF-73E43EA67AA3}.Release|Any CPU.ActiveCfg = Release|Any CPU
		{51A07ADB-4D24-4D8A-89CF-73E43EA67AA3}.Release|Any CPU.Build.0 = Release|Any CPU
	EndGlobalSection
	GlobalSection(SolutionProperties) = preSolution
		HideSolutionNode = FALSE
	EndGlobalSection
	GlobalSection(ExtensibilityGlobals) = postSolution
		SolutionGuid = {530692D8-E5BF-4FAD-8622-B22ADDD9C2F1}
	EndGlobalSection
EndGlobal
